
Microsoft Visual Studio Solution File, Format Version 12.00
# Visual Studio Version 16
VisualStudioVersion = 16.0.31624.102
MinimumVisualStudioVersion = 10.0.40219.1
Project("{FAE04EC0-301F-11D3-BF4B-00C04F79EFBC}") = "PointsApplication", "PointsApplication\PointsApplication.csproj", "{8F5CB266-76BA-4304-9736-8632B7214142}"
EndProject
Global
	GlobalSection(SolutionConfigurationPlatforms) = preSolution
		Debug|Any CPU = Debug|Any CPU
		Release|Any CPU = Release|Any CPU
	EndGlobalSection
	GlobalSection(ProjectConfigurationPlatforms) = postSolution
		{8F5CB266-76BA-4304-9736-8632B7214142}.Debug|Any CPU.ActiveCfg = Debug|Any CPU
		{8F5CB266-76BA-4304-9736-8632B7214142}.Debug|Any CPU.Build.0 = Debug|Any CPU
		{8F5CB266-76BA-4304-9736-8632B7214142}.Release|Any CPU.ActiveCfg = Release|Any CPU
		{8F5CB266-76BA-4304-9736-8632B7214142}.Release|Any CPU.Build.0 = Release|Any CPU
	EndGlobalSection
	GlobalSection(SolutionProperties) = preSolution
		HideSolutionNode = FALSE
	EndGlobalSection
	GlobalSection(ExtensibilityGlobals) = postSolution
		SolutionGuid = {EAC8A905-715F-42DF-BFCA-F04DDC1E561B}
	EndGlobalSection
EndGlobal
